{
  "nodes": {
    "auxlib": {
      "locked": {
        "lastModified": 1,
        "narHash": "sha256-aJZzu9gRLOcf6YN1/103azIGSVty/Fh3C+Q7qEHsT3Q=",
        "path": "../lib",
        "type": "path"
      },
      "original": {
        "path": "../lib",
        "type": "path"
      }
    },
    "auxlib_2": {
      "locked": {
        "lastModified": 1,
        "narHash": "sha256-aJZzu9gRLOcf6YN1/103azIGSVty/Fh3C+Q7qEHsT3Q=",
        "path": "../lib",
        "type": "path"
      },
      "original": {
        "path": "../lib",
        "type": "path"
      }
    },
    "auxlib_3": {
      "locked": {
        "lastModified": 1,
        "narHash": "sha256-aJZzu9gRLOcf6YN1/103azIGSVty/Fh3C+Q7qEHsT3Q=",
        "path": "../lib",
        "type": "path"
      },
      "original": {
        "path": "../lib",
        "type": "path"
      }
    },
    "core": {
      "inputs": {
        "auxlib": "auxlib_2",
        "nixpkgs": "nixpkgs"
      },
      "locked": {
        "lastModified": 1,
        "narHash": "sha256-PdPvmOfkKll6qXqfg8ZXS8Dg5Mvtdov6IpKaa5NkhbE=",
        "path": "../core",
        "type": "path"
      },
      "original": {
        "path": "../core",
        "type": "path"
      }
    },
    "nixpkgs": {
      "locked": {
        "lastModified": 1701282334,
        "narHash": "sha256-MxCVrXY6v4QmfTwIysjjaX0XUhqBbxTWWB4HXtDYsdk=",
        "owner": "nixos",
        "repo": "nixpkgs",
        "rev": "057f9aecfb71c4437d2b27d3323df7f93c010b7e",
        "type": "github"
      },
      "original": {
        "owner": "nixos",
        "ref": "23.11",
        "repo": "nixpkgs",
        "type": "github"
      }
    },
    "python": {
      "inputs": {
        "auxlib": "auxlib_3"
      },
      "locked": {
        "lastModified": 1,
        "narHash": "sha256-8qJYAOmXwlb6k6fF4wyABiGoS/7Cq5zIsrkM9CeTR4w=",
        "path": "../python",
        "type": "path"
      },
      "original": {
        "path": "../python",
        "type": "path"
      }
    },
    "root": {
      "inputs": {
        "auxlib": "auxlib",
        "core": "core",
        "python": "python"
      }
    }
  },
  "root": "root",
  "version": 7
}
