{
  "nodes": {
    "auxlib": {
      "locked": {
        "lastModified": 1,
        "narHash": "sha256-aJZzu9gRLOcf6YN1/103azIGSVty/Fh3C+Q7qEHsT3Q=",
        "path": "../lib",
        "type": "path"
      },
      "original": {
        "path": "../lib",
        "type": "path"
      }
    },
    "crane": {
      "inputs": {
        "nixpkgs": [
          "nixpkgs"
        ]
      },
      "locked": {
        "lastModified": 1716680724,
        "narHash": "sha256-THm0mm4aKHQhh3pXCj5ms5t0sVPP9xzVsIU9byMjbtI=",
        "owner": "ipetkov",
        "repo": "crane",
        "rev": "701dbc191ca003a118ce885db38fae9598908294",
        "type": "github"
      },
      "original": {
        "owner": "ipetkov",
        "repo": "crane",
        "type": "github"
      }
    },
    "nixpkgs": {
      "locked": {
        "lastModified": 1716715802,
        "narHash": "sha256-usk0vE7VlxPX8jOavrtpOqphdfqEQpf9lgedlY/r66c=",
        "owner": "NixOS",
        "repo": "nixpkgs",
        "rev": "e2dd4e18cc1c7314e24154331bae07df76eb582f",
        "type": "github"
      },
      "original": {
        "owner": "NixOS",
        "ref": "nixpkgs-unstable",
        "repo": "nixpkgs",
        "type": "github"
      }
    },
    "root": {
      "inputs": {
        "auxlib": "auxlib",
        "crane": "crane",
        "nixpkgs": "nixpkgs"
      }
    }
  },
  "root": "root",
  "version": 7
}
